
Microsoft Visual Studio Solution File, Format Version 12.00
# Visual Studio Version 17
VisualStudioVersion = 17.4.33205.214
MinimumVisualStudioVersion = 10.0.40219.1
Project("{FAE04EC0-301F-11D3-BF4B-00C04F79EFBC}") = "HealthSolutions-MVC", "HealthSolutions-MVC.csproj", "{1ED1FA93-476A-4C25-8572-FEF72C2BE401}"
EndProject
Global
	GlobalSection(SolutionConfigurationPlatforms) = preSolution
		Debug|Any CPU = Debug|Any CPU
		Release|Any CPU = Release|Any CPU
	EndGlobalSection
	GlobalSection(ProjectConfigurationPlatforms) = postSolution
		{1ED1FA93-476A-4C25-8572-FEF72C2BE401}.Debug|Any CPU.ActiveCfg = Debug|Any CPU
		{1ED1FA93-476A-4C25-8572-FEF72C2BE401}.Debug|Any CPU.Build.0 = Debug|Any CPU
		{1ED1FA93-476A-4C25-8572-FEF72C2BE401}.Release|Any CPU.ActiveCfg = Release|Any CPU
		{1ED1FA93-476A-4C25-8572-FEF72C2BE401}.Release|Any CPU.Build.0 = Release|Any CPU
	EndGlobalSection
	GlobalSection(SolutionProperties) = preSolution
		HideSolutionNode = FALSE
	EndGlobalSection
	GlobalSection(ExtensibilityGlobals) = postSolution
		SolutionGuid = {2AFD0F1A-0826-4A42-84F0-793EF8A22233}
	EndGlobalSection
EndGlobal
